
Microsoft Visual Studio Solution File, Format Version 12.00
# Visual Studio Version 16
VisualStudioVersion = 16.0.29411.108
MinimumVisualStudioVersion = 10.0.40219.1
Project("{D954291E-2A0B-460D-934E-DC6B0785DB48}") = "FlyoutIssue.Shared", "FlyoutIssue\FlyoutIssue.Shared\FlyoutIssue.Shared.shproj", "{6279C845-92F8-4333-AB99-3D213163593C}"
EndProject
Project("{FAE04EC0-301F-11D3-BF4B-00C04F79EFBC}") = "FlyoutIssue.Droid", "FlyoutIssue\FlyoutIssue.Droid\FlyoutIssue.Droid.csproj", "{93E9C00D-B698-404B-92BF-911697D65BA3}"
EndProject
Project("{FAE04EC0-301F-11D3-BF4B-00C04F79EFBC}") = "FlyoutIssue.iOS", "FlyoutIssue\FlyoutIssue.iOS\FlyoutIssue.iOS.csproj", "{41BA6800-84F6-4490-8BBF-8D8B4B1FEB8D}"
EndProject
Project("{FAE04EC0-301F-11D3-BF4B-00C04F79EFBC}") = "FlyoutIssue.UWP", "FlyoutIssue\FlyoutIssue.UWP\FlyoutIssue.UWP.csproj", "{AB88C9BE-4EFD-4C5E-A670-E17EB93823A7}"
EndProject
Project("{9A19103F-16F7-4668-BE54-9A1E7A4F7556}") = "FlyoutIssue.Wasm", "FlyoutIssue\FlyoutIssue.Wasm\FlyoutIssue.Wasm.csproj", "{F83DB0B6-409A-4202-AFE7-5E07B84B83A8}"
EndProject
Project("{2150E333-8FDC-42A3-9474-1A3956D46DE8}") = "Solution Items", "Solution Items", "{EC66E527-1736-45C4-8010-6D5EF9ED3819}"
	ProjectSection(SolutionItems) = preProject
		.gitignore = .gitignore
		README.md = README.md
		Settings.StyleCop = Settings.StyleCop
	EndProjectSection
EndProject
Global
	GlobalSection(SharedMSBuildProjectFiles) = preSolution
		FlyoutIssue\FlyoutIssue.Shared\FlyoutIssue.Shared.projitems*{41ba6800-84f6-4490-8bbf-8d8b4b1feb8d}*SharedItemsImports = 4
		FlyoutIssue\FlyoutIssue.Shared\FlyoutIssue.Shared.projitems*{6279c845-92f8-4333-ab99-3d213163593c}*SharedItemsImports = 13
		FlyoutIssue\FlyoutIssue.Shared\FlyoutIssue.Shared.projitems*{93e9c00d-b698-404b-92bf-911697d65ba3}*SharedItemsImports = 4
		FlyoutIssue\FlyoutIssue.Shared\FlyoutIssue.Shared.projitems*{ab88c9be-4efd-4c5e-a670-e17eb93823a7}*SharedItemsImports = 4
		FlyoutIssue\FlyoutIssue.Shared\FlyoutIssue.Shared.projitems*{f83db0b6-409a-4202-afe7-5e07b84b83a8}*SharedItemsImports = 5
	EndGlobalSection
	GlobalSection(SolutionConfigurationPlatforms) = preSolution
		Ad-Hoc|Any CPU = Ad-Hoc|Any CPU
		Ad-Hoc|ARM = Ad-Hoc|ARM
		Ad-Hoc|iPhone = Ad-Hoc|iPhone
		Ad-Hoc|iPhoneSimulator = Ad-Hoc|iPhoneSimulator
		Ad-Hoc|x64 = Ad-Hoc|x64
		Ad-Hoc|x86 = Ad-Hoc|x86
		AppStore|Any CPU = AppStore|Any CPU
		AppStore|ARM = AppStore|ARM
		AppStore|iPhone = AppStore|iPhone
		AppStore|iPhoneSimulator = AppStore|iPhoneSimulator
		AppStore|x64 = AppStore|x64
		AppStore|x86 = AppStore|x86
		Debug|Any CPU = Debug|Any CPU
		Debug|ARM = Debug|ARM
		Debug|iPhone = Debug|iPhone
		Debug|iPhoneSimulator = Debug|iPhoneSimulator
		Debug|x64 = Debug|x64
		Debug|x86 = Debug|x86
		Release|Any CPU = Release|Any CPU
		Release|ARM = Release|ARM
		Release|iPhone = Release|iPhone
		Release|iPhoneSimulator = Release|iPhoneSimulator
		Release|x64 = Release|x64
		Release|x86 = Release|x86
	EndGlobalSection
	GlobalSection(ProjectConfigurationPlatforms) = postSolution
		{93E9C00D-B698-404B-92BF-911697D65BA3}.Ad-Hoc|Any CPU.ActiveCfg = Release|Any CPU
		{93E9C00D-B698-404B-92BF-911697D65BA3}.Ad-Hoc|Any CPU.Build.0 = Release|Any CPU
		{93E9C00D-B698-404B-92BF-911697D65BA3}.Ad-Hoc|Any CPU.Deploy.0 = Release|Any CPU
		{93E9C00D-B698-404B-92BF-911697D65BA3}.Ad-Hoc|ARM.ActiveCfg = Release|Any CPU
		{93E9C00D-B698-404B-92BF-911697D65BA3}.Ad-Hoc|ARM.Build.0 = Release|Any CPU
		{93E9C00D-B698-404B-92BF-911697D65BA3}.Ad-Hoc|ARM.Deploy.0 = Release|Any CPU
		{93E9C00D-B698-404B-92BF-911697D65BA3}.Ad-Hoc|iPhone.ActiveCfg = Release|Any CPU
		{93E9C00D-B698-404B-92BF-911697D65BA3}.Ad-Hoc|iPhone.Build.0 = Release|Any CPU
		{93E9C00D-B698-404B-92BF-911697D65BA3}.Ad-Hoc|iPhone.Deploy.0 = Release|Any CPU
		{93E9C00D-B698-404B-92BF-911697D65BA3}.Ad-Hoc|iPhoneSimulator.ActiveCfg = Release|Any CPU
		{93E9C00D-B698-404B-92BF-911697D65BA3}.Ad-Hoc|iPhoneSimulator.Build.0 = Release|Any CPU
		{93E9C00D-B698-404B-92BF-911697D65BA3}.Ad-Hoc|iPhoneSimulator.Deploy.0 = Release|Any CPU
		{93E9C00D-B698-404B-92BF-911697D65BA3}.Ad-Hoc|x64.ActiveCfg = Release|Any CPU
		{93E9C00D-B698-404B-92BF-911697D65BA3}.Ad-Hoc|x64.Build.0 = Release|Any CPU
		{93E9C00D-B698-404B-92BF-911697D65BA3}.Ad-Hoc|x64.Deploy.0 = Release|Any CPU
		{93E9C00D-B698-404B-92BF-911697D65BA3}.Ad-Hoc|x86.ActiveCfg = Release|Any CPU
		{93E9C00D-B698-404B-92BF-911697D65BA3}.Ad-Hoc|x86.Build.0 = Release|Any CPU
		{93E9C00D-B698-404B-92BF-911697D65BA3}.Ad-Hoc|x86.Deploy.0 = Release|Any CPU
		{93E9C00D-B698-404B-92BF-911697D65BA3}.AppStore|Any CPU.ActiveCfg = Release|Any CPU
		{93E9C00D-B698-404B-92BF-911697D65BA3}.AppStore|Any CPU.Build.0 = Release|Any CPU
		{93E9C00D-B698-404B-92BF-911697D65BA3}.AppStore|Any CPU.Deploy.0 = Release|Any CPU
		{93E9C00D-B698-404B-92BF-911697D65BA3}.AppStore|ARM.ActiveCfg = Release|Any CPU
		{93E9C00D-B698-404B-92BF-911697D65BA3}.AppStore|ARM.Build.0 = Release|Any CPU
		{93E9C00D-B698-404B-92BF-911697D65BA3}.AppStore|ARM.Deploy.0 = Release|Any CPU
		{93E9C00D-B698-404B-92BF-911697D65BA3}.AppStore|iPhone.ActiveCfg = Release|Any CPU
		{93E9C00D-B698-404B-92BF-911697D65BA3}.AppStore|iPhone.Build.0 = Release|Any CPU
		{93E9C00D-B698-404B-92BF-911697D65BA3}.AppStore|iPhone.Deploy.0 = Release|Any CPU
		{93E9C00D-B698-404B-92BF-911697D65BA3}.AppStore|iPhoneSimulator.ActiveCfg = Release|Any CPU
		{93E9C00D-B698-404B-92BF-911697D65BA3}.AppStore|iPhoneSimulator.Build.0 = Release|Any CPU
		{93E9C00D-B698-404B-92BF-911697D65BA3}.AppStore|iPhoneSimulator.Deploy.0 = Release|Any CPU
		{93E9C00D-B698-404B-92BF-911697D65BA3}.AppStore|x64.ActiveCfg = Release|Any CPU
		{93E9C00D-B698-404B-92BF-911697D65BA3}.AppStore|x64.Build.0 = Release|Any CPU
		{93E9C00D-B698-404B-92BF-911697D65BA3}.AppStore|x64.Deploy.0 = Release|Any CPU
		{93E9C00D-B698-404B-92BF-911697D65BA3}.AppStore|x86.ActiveCfg = Release|Any CPU
		{93E9C00D-B698-404B-92BF-911697D65BA3}.AppStore|x86.Build.0 = Release|Any CPU
		{93E9C00D-B698-404B-92BF-911697D65BA3}.AppStore|x86.Deploy.0 = Release|Any CPU
		{93E9C00D-B698-404B-92BF-911697D65BA3}.Debug|Any CPU.ActiveCfg = Debug|Any CPU
		{93E9C00D-B698-404B-92BF-911697D65BA3}.Debug|Any CPU.Build.0 = Debug|Any CPU
		{93E9C00D-B698-404B-92BF-911697D65BA3}.Debug|Any CPU.Deploy.0 = Debug|Any CPU
		{93E9C00D-B698-404B-92BF-911697D65BA3}.Debug|ARM.ActiveCfg = Debug|Any CPU
		{93E9C00D-B698-404B-92BF-911697D65BA3}.Debug|ARM.Build.0 = Debug|Any CPU
		{93E9C00D-B698-404B-92BF-911697D65BA3}.Debug|ARM.Deploy.0 = Debug|Any CPU
		{93E9C00D-B698-404B-92BF-911697D65BA3}.Debug|iPhone.ActiveCfg = Debug|Any CPU
		{93E9C00D-B698-404B-92BF-911697D65BA3}.Debug|iPhone.Build.0 = Debug|Any CPU
		{93E9C00D-B698-404B-92BF-911697D65BA3}.Debug|iPhone.Deploy.0 = Debug|Any CPU
		{93E9C00D-B698-404B-92BF-911697D65BA3}.Debug|iPhoneSimulator.ActiveCfg = Debug|Any CPU
		{93E9C00D-B698-404B-92BF-911697D65BA3}.Debug|iPhoneSimulator.Build.0 = Debug|Any CPU
		{93E9C00D-B698-404B-92BF-911697D65BA3}.Debug|iPhoneSimulator.Deploy.0 = Debug|Any CPU
		{93E9C00D-B698-404B-92BF-911697D65BA3}.Debug|x64.ActiveCfg = Debug|Any CPU
		{93E9C00D-B698-404B-92BF-911697D65BA3}.Debug|x64.Build.0 = Debug|Any CPU
		{93E9C00D-B698-404B-92BF-911697D65BA3}.Debug|x64.Deploy.0 = Debug|Any CPU
		{93E9C00D-B698-404B-92BF-911697D65BA3}.Debug|x86.ActiveCfg = Debug|Any CPU
		{93E9C00D-B698-404B-92BF-911697D65BA3}.Debug|x86.Build.0 = Debug|Any CPU
		{93E9C00D-B698-404B-92BF-911697D65BA3}.Debug|x86.Deploy.0 = Debug|Any CPU
		{93E9C00D-B698-404B-92BF-911697D65BA3}.Release|Any CPU.ActiveCfg = Release|Any CPU
		{93E9C00D-B698-404B-92BF-911697D65BA3}.Release|Any CPU.Build.0 = Release|Any CPU
		{93E9C00D-B698-404B-92BF-911697D65BA3}.Release|Any CPU.Deploy.0 = Release|Any CPU
		{93E9C00D-B698-404B-92BF-911697D65BA3}.Release|ARM.ActiveCfg = Release|Any CPU
		{93E9C00D-B698-404B-92BF-911697D65BA3}.Release|ARM.Build.0 = Release|Any CPU
		{93E9C00D-B698-404B-92BF-911697D65BA3}.Release|ARM.Deploy.0 = Release|Any CPU
		{93E9C00D-B698-404B-92BF-911697D65BA3}.Release|iPhone.ActiveCfg = Release|Any CPU
		{93E9C00D-B698-404B-92BF-911697D65BA3}.Release|iPhone.Build.0 = Release|Any CPU
		{93E9C00D-B698-404B-92BF-911697D65BA3}.Release|iPhone.Deploy.0 = Release|Any CPU
		{93E9C00D-B698-404B-92BF-911697D65BA3}.Release|iPhoneSimulator.ActiveCfg = Release|Any CPU
		{93E9C00D-B698-404B-92BF-911697D65BA3}.Release|iPhoneSimulator.Build.0 = Release|Any CPU
		{93E9C00D-B698-404B-92BF-911697D65BA3}.Release|iPhoneSimulator.Deploy.0 = Release|Any CPU
		{93E9C00D-B698-404B-92BF-911697D65BA3}.Release|x64.ActiveCfg = Release|Any CPU
		{93E9C00D-B698-404B-92BF-911697D65BA3}.Release|x64.Build.0 = Release|Any CPU
		{93E9C00D-B698-404B-92BF-911697D65BA3}.Release|x64.Deploy.0 = Release|Any CPU
		{93E9C00D-B698-404B-92BF-911697D65BA3}.Release|x86.ActiveCfg = Release|Any CPU
		{93E9C00D-B698-404B-92BF-911697D65BA3}.Release|x86.Build.0 = Release|Any CPU
		{93E9C00D-B698-404B-92BF-911697D65BA3}.Release|x86.Deploy.0 = Release|Any CPU
		{41BA6800-84F6-4490-8BBF-8D8B4B1FEB8D}.Ad-Hoc|Any CPU.ActiveCfg = Ad-Hoc|iPhone
		{41BA6800-84F6-4490-8BBF-8D8B4B1FEB8D}.Ad-Hoc|ARM.ActiveCfg = Ad-Hoc|iPhone
		{41BA6800-84F6-4490-8BBF-8D8B4B1FEB8D}.Ad-Hoc|iPhone.ActiveCfg = Ad-Hoc|iPhone
		{41BA6800-84F6-4490-8BBF-8D8B4B1FEB8D}.Ad-Hoc|iPhone.Build.0 = Ad-Hoc|iPhone
		{41BA6800-84F6-4490-8BBF-8D8B4B1FEB8D}.Ad-Hoc|iPhoneSimulator.ActiveCfg = Ad-Hoc|iPhoneSimulator
		{41BA6800-84F6-4490-8BBF-8D8B4B1FEB8D}.Ad-Hoc|iPhoneSimulator.Build.0 = Ad-Hoc|iPhoneSimulator
		{41BA6800-84F6-4490-8BBF-8D8B4B1FEB8D}.Ad-Hoc|x64.ActiveCfg = Ad-Hoc|iPhone
		{41BA6800-84F6-4490-8BBF-8D8B4B1FEB8D}.Ad-Hoc|x86.ActiveCfg = Ad-Hoc|iPhone
		{41BA6800-84F6-4490-8BBF-8D8B4B1FEB8D}.AppStore|Any CPU.ActiveCfg = AppStore|iPhone
		{41BA6800-84F6-4490-8BBF-8D8B4B1FEB8D}.AppStore|ARM.ActiveCfg = AppStore|iPhone
		{41BA6800-84F6-4490-8BBF-8D8B4B1FEB8D}.AppStore|iPhone.ActiveCfg = AppStore|iPhone
		{41BA6800-84F6-4490-8BBF-8D8B4B1FEB8D}.AppStore|iPhone.Build.0 = AppStore|iPhone
		{41BA6800-84F6-4490-8BBF-8D8B4B1FEB8D}.AppStore|iPhoneSimulator.ActiveCfg = AppStore|iPhoneSimulator
		{41BA6800-84F6-4490-8BBF-8D8B4B1FEB8D}.AppStore|iPhoneSimulator.Build.0 = AppStore|iPhoneSimulator
		{41BA6800-84F6-4490-8BBF-8D8B4B1FEB8D}.AppStore|x64.ActiveCfg = AppStore|iPhone
		{41BA6800-84F6-4490-8BBF-8D8B4B1FEB8D}.AppStore|x86.ActiveCfg = AppStore|iPhone
		{41BA6800-84F6-4490-8BBF-8D8B4B1FEB8D}.Debug|Any CPU.ActiveCfg = Debug|iPhone
		{41BA6800-84F6-4490-8BBF-8D8B4B1FEB8D}.Debug|ARM.ActiveCfg = Debug|iPhone
		{41BA6800-84F6-4490-8BBF-8D8B4B1FEB8D}.Debug|iPhone.ActiveCfg = Debug|iPhone
		{41BA6800-84F6-4490-8BBF-8D8B4B1FEB8D}.Debug|iPhone.Build.0 = Debug|iPhone
		{41BA6800-84F6-4490-8BBF-8D8B4B1FEB8D}.Debug|iPhoneSimulator.ActiveCfg = Debug|iPhoneSimulator
		{41BA6800-84F6-4490-8BBF-8D8B4B1FEB8D}.Debug|iPhoneSimulator.Build.0 = Debug|iPhoneSimulator
		{41BA6800-84F6-4490-8BBF-8D8B4B1FEB8D}.Debug|x64.ActiveCfg = Debug|iPhone
		{41BA6800-84F6-4490-8BBF-8D8B4B1FEB8D}.Debug|x86.ActiveCfg = Debug|iPhone
		{41BA6800-84F6-4490-8BBF-8D8B4B1FEB8D}.Release|Any CPU.ActiveCfg = Release|iPhone
		{41BA6800-84F6-4490-8BBF-8D8B4B1FEB8D}.Release|ARM.ActiveCfg = Release|iPhone
		{41BA6800-84F6-4490-8BBF-8D8B4B1FEB8D}.Release|iPhone.ActiveCfg = Release|iPhone
		{41BA6800-84F6-4490-8BBF-8D8B4B1FEB8D}.Release|iPhone.Build.0 = Release|iPhone
		{41BA6800-84F6-4490-8BBF-8D8B4B1FEB8D}.Release|iPhoneSimulator.ActiveCfg = Release|iPhoneSimulator
		{41BA6800-84F6-4490-8BBF-8D8B4B1FEB8D}.Release|iPhoneSimulator.Build.0 = Release|iPhoneSimulator
		{41BA6800-84F6-4490-8BBF-8D8B4B1FEB8D}.Release|x64.ActiveCfg = Release|iPhone
		{41BA6800-84F6-4490-8BBF-8D8B4B1FEB8D}.Release|x86.ActiveCfg = Release|iPhone
		{AB88C9BE-4EFD-4C5E-A670-E17EB93823A7}.Ad-Hoc|Any CPU.ActiveCfg = Release|x64
		{AB88C9BE-4EFD-4C5E-A670-E17EB93823A7}.Ad-Hoc|Any CPU.Build.0 = Release|x64
		{AB88C9BE-4EFD-4C5E-A670-E17EB93823A7}.Ad-Hoc|Any CPU.Deploy.0 = Release|x64
		{AB88C9BE-4EFD-4C5E-A670-E17EB93823A7}.Ad-Hoc|ARM.ActiveCfg = Release|ARM
		{AB88C9BE-4EFD-4C5E-A670-E17EB93823A7}.Ad-Hoc|ARM.Build.0 = Release|ARM
		{AB88C9BE-4EFD-4C5E-A670-E17EB93823A7}.Ad-Hoc|ARM.Deploy.0 = Release|ARM
		{AB88C9BE-4EFD-4C5E-A670-E17EB93823A7}.Ad-Hoc|iPhone.ActiveCfg = Release|x64
		{AB88C9BE-4EFD-4C5E-A670-E17EB93823A7}.Ad-Hoc|iPhone.Build.0 = Release|x64
		{AB88C9BE-4EFD-4C5E-A670-E17EB93823A7}.Ad-Hoc|iPhone.Deploy.0 = Release|x64
		{AB88C9BE-4EFD-4C5E-A670-E17EB93823A7}.Ad-Hoc|iPhoneSimulator.ActiveCfg = Release|x64
		{AB88C9BE-4EFD-4C5E-A670-E17EB93823A7}.Ad-Hoc|iPhoneSimulator.Build.0 = Release|x64
		{AB88C9BE-4EFD-4C5E-A670-E17EB93823A7}.Ad-Hoc|iPhoneSimulator.Deploy.0 = Release|x64
		{AB88C9BE-4EFD-4C5E-A670-E17EB93823A7}.Ad-Hoc|x64.ActiveCfg = Release|x64
		{AB88C9BE-4EFD-4C5E-A670-E17EB93823A7}.Ad-Hoc|x64.Build.0 = Release|x64
		{AB88C9BE-4EFD-4C5E-A670-E17EB93823A7}.Ad-Hoc|x64.Deploy.0 = Release|x64
		{AB88C9BE-4EFD-4C5E-A670-E17EB93823A7}.Ad-Hoc|x86.ActiveCfg = Release|x86
		{AB88C9BE-4EFD-4C5E-A670-E17EB93823A7}.Ad-Hoc|x86.Build.0 = Release|x86
		{AB88C9BE-4EFD-4C5E-A670-E17EB93823A7}.Ad-Hoc|x86.Deploy.0 = Release|x86
		{AB88C9BE-4EFD-4C5E-A670-E17EB93823A7}.AppStore|Any CPU.ActiveCfg = Release|x64
		{AB88C9BE-4EFD-4C5E-A670-E17EB93823A7}.AppStore|Any CPU.Build.0 = Release|x64
		{AB88C9BE-4EFD-4C5E-A670-E17EB93823A7}.AppStore|Any CPU.Deploy.0 = Release|x64
		{AB88C9BE-4EFD-4C5E-A670-E17EB93823A7}.AppStore|ARM.ActiveCfg = Release|ARM
		{AB88C9BE-4EFD-4C5E-A670-E17EB93823A7}.AppStore|ARM.Build.0 = Release|ARM
		{AB88C9BE-4EFD-4C5E-A670-E17EB93823A7}.AppStore|ARM.Deploy.0 = Release|ARM
		{AB88C9BE-4EFD-4C5E-A670-E17EB93823A7}.AppStore|iPhone.ActiveCfg = Release|x64
		{AB88C9BE-4EFD-4C5E-A670-E17EB93823A7}.AppStore|iPhone.Build.0 = Release|x64
		{AB88C9BE-4EFD-4C5E-A670-E17EB93823A7}.AppStore|iPhone.Deploy.0 = Release|x64
		{AB88C9BE-4EFD-4C5E-A670-E17EB93823A7}.AppStore|iPhoneSimulator.ActiveCfg = Release|x64
		{AB88C9BE-4EFD-4C5E-A670-E17EB93823A7}.AppStore|iPhoneSimulator.Build.0 = Release|x64
		{AB88C9BE-4EFD-4C5E-A670-E17EB93823A7}.AppStore|iPhoneSimulator.Deploy.0 = Release|x64
		{AB88C9BE-4EFD-4C5E-A670-E17EB93823A7}.AppStore|x64.ActiveCfg = Release|x64
		{AB88C9BE-4EFD-4C5E-A670-E17EB93823A7}.AppStore|x64.Build.0 = Release|x64
		{AB88C9BE-4EFD-4C5E-A670-E17EB93823A7}.AppStore|x64.Deploy.0 = Release|x64
		{AB88C9BE-4EFD-4C5E-A670-E17EB93823A7}.AppStore|x86.ActiveCfg = Release|x86
		{AB88C9BE-4EFD-4C5E-A670-E17EB93823A7}.AppStore|x86.Build.0 = Release|x86
		{AB88C9BE-4EFD-4C5E-A670-E17EB93823A7}.AppStore|x86.Deploy.0 = Release|x86
		{AB88C9BE-4EFD-4C5E-A670-E17EB93823A7}.Debug|Any CPU.ActiveCfg = Debug|x86
		{AB88C9BE-4EFD-4C5E-A670-E17EB93823A7}.Debug|ARM.ActiveCfg = Debug|ARM
		{AB88C9BE-4EFD-4C5E-A670-E17EB93823A7}.Debug|ARM.Build.0 = Debug|ARM
		{AB88C9BE-4EFD-4C5E-A670-E17EB93823A7}.Debug|ARM.Deploy.0 = Debug|ARM
		{AB88C9BE-4EFD-4C5E-A670-E17EB93823A7}.Debug|iPhone.ActiveCfg = Debug|x86
		{AB88C9BE-4EFD-4C5E-A670-E17EB93823A7}.Debug|iPhoneSimulator.ActiveCfg = Debug|x86
		{AB88C9BE-4EFD-4C5E-A670-E17EB93823A7}.Debug|x64.ActiveCfg = Debug|x64
		{AB88C9BE-4EFD-4C5E-A670-E17EB93823A7}.Debug|x64.Build.0 = Debug|x64
		{AB88C9BE-4EFD-4C5E-A670-E17EB93823A7}.Debug|x64.Deploy.0 = Debug|x64
		{AB88C9BE-4EFD-4C5E-A670-E17EB93823A7}.Debug|x86.ActiveCfg = Debug|x86
		{AB88C9BE-4EFD-4C5E-A670-E17EB93823A7}.Debug|x86.Build.0 = Debug|x86
		{AB88C9BE-4EFD-4C5E-A670-E17EB93823A7}.Debug|x86.Deploy.0 = Debug|x86
		{AB88C9BE-4EFD-4C5E-A670-E17EB93823A7}.Release|Any CPU.ActiveCfg = Release|x86
		{AB88C9BE-4EFD-4C5E-A670-E17EB93823A7}.Release|ARM.ActiveCfg = Release|ARM
		{AB88C9BE-4EFD-4C5E-A670-E17EB93823A7}.Release|ARM.Build.0 = Release|ARM
		{AB88C9BE-4EFD-4C5E-A670-E17EB93823A7}.Release|ARM.Deploy.0 = Release|ARM
		{AB88C9BE-4EFD-4C5E-A670-E17EB93823A7}.Release|iPhone.ActiveCfg = Release|x86
		{AB88C9BE-4EFD-4C5E-A670-E17EB93823A7}.Release|iPhoneSimulator.ActiveCfg = Release|x86
		{AB88C9BE-4EFD-4C5E-A670-E17EB93823A7}.Release|x64.ActiveCfg = Release|x64
		{AB88C9BE-4EFD-4C5E-A670-E17EB93823A7}.Release|x64.Build.0 = Release|x64
		{AB88C9BE-4EFD-4C5E-A670-E17EB93823A7}.Release|x64.Deploy.0 = Release|x64
		{AB88C9BE-4EFD-4C5E-A670-E17EB93823A7}.Release|x86.ActiveCfg = Release|x86
		{AB88C9BE-4EFD-4C5E-A670-E17EB93823A7}.Release|x86.Build.0 = Release|x86
		{AB88C9BE-4EFD-4C5E-A670-E17EB93823A7}.Release|x86.Deploy.0 = Release|x86
		{F83DB0B6-409A-4202-AFE7-5E07B84B83A8}.Ad-Hoc|Any CPU.ActiveCfg = Debug|Any CPU
		{F83DB0B6-409A-4202-AFE7-5E07B84B83A8}.Ad-Hoc|Any CPU.Build.0 = Debug|Any CPU
		{F83DB0B6-409A-4202-AFE7-5E07B84B83A8}.Ad-Hoc|ARM.ActiveCfg = Debug|Any CPU
		{F83DB0B6-409A-4202-AFE7-5E07B84B83A8}.Ad-Hoc|ARM.Build.0 = Debug|Any CPU
		{F83DB0B6-409A-4202-AFE7-5E07B84B83A8}.Ad-Hoc|iPhone.ActiveCfg = Debug|Any CPU
		{F83DB0B6-409A-4202-AFE7-5E07B84B83A8}.Ad-Hoc|iPhone.Build.0 = Debug|Any CPU
		{F83DB0B6-409A-4202-AFE7-5E07B84B83A8}.Ad-Hoc|iPhoneSimulator.ActiveCfg = Debug|Any CPU
		{F83DB0B6-409A-4202-AFE7-5E07B84B83A8}.Ad-Hoc|iPhoneSimulator.Build.0 = Debug|Any CPU
		{F83DB0B6-409A-4202-AFE7-5E07B84B83A8}.Ad-Hoc|x64.ActiveCfg = Debug|Any CPU
		{F83DB0B6-409A-4202-AFE7-5E07B84B83A8}.Ad-Hoc|x64.Build.0 = Debug|Any CPU
		{F83DB0B6-409A-4202-AFE7-5E07B84B83A8}.Ad-Hoc|x86.ActiveCfg = Debug|Any CPU
		{F83DB0B6-409A-4202-AFE7-5E07B84B83A8}.Ad-Hoc|x86.Build.0 = Debug|Any CPU
		{F83DB0B6-409A-4202-AFE7-5E07B84B83A8}.AppStore|Any CPU.ActiveCfg = Debug|Any CPU
		{F83DB0B6-409A-4202-AFE7-5E07B84B83A8}.AppStore|Any CPU.Build.0 = Debug|Any CPU
		{F83DB0B6-409A-4202-AFE7-5E07B84B83A8}.AppStore|ARM.ActiveCfg = Debug|Any CPU
		{F83DB0B6-409A-4202-AFE7-5E07B84B83A8}.AppStore|ARM.Build.0 = Debug|Any CPU
		{F83DB0B6-409A-4202-AFE7-5E07B84B83A8}.AppStore|iPhone.ActiveCfg = Debug|Any CPU
		{F83DB0B6-409A-4202-AFE7-5E07B84B83A8}.AppStore|iPhone.Build.0 = Debug|Any CPU
		{F83DB0B6-409A-4202-AFE7-5E07B84B83A8}.AppStore|iPhoneSimulator.ActiveCfg = Debug|Any CPU
		{F83DB0B6-409A-4202-AFE7-5E07B84B83A8}.AppStore|iPhoneSimulator.Build.0 = Debug|Any CPU
		{F83DB0B6-409A-4202-AFE7-5E07B84B83A8}.AppStore|x64.ActiveCfg = Debug|Any CPU
		{F83DB0B6-409A-4202-AFE7-5E07B84B83A8}.AppStore|x64.Build.0 = Debug|Any CPU
		{F83DB0B6-409A-4202-AFE7-5E07B84B83A8}.AppStore|x86.ActiveCfg = Debug|Any CPU
		{F83DB0B6-409A-4202-AFE7-5E07B84B83A8}.AppStore|x86.Build.0 = Debug|Any CPU
		{F83DB0B6-409A-4202-AFE7-5E07B84B83A8}.Debug|Any CPU.ActiveCfg = Debug|Any CPU
		{F83DB0B6-409A-4202-AFE7-5E07B84B83A8}.Debug|Any CPU.Build.0 = Debug|Any CPU
		{F83DB0B6-409A-4202-AFE7-5E07B84B83A8}.Debug|ARM.ActiveCfg = Debug|Any CPU
		{F83DB0B6-409A-4202-AFE7-5E07B84B83A8}.Debug|ARM.Build.0 = Debug|Any CPU
		{F83DB0B6-409A-4202-AFE7-5E07B84B83A8}.Debug|iPhone.ActiveCfg = Debug|Any CPU
		{F83DB0B6-409A-4202-AFE7-5E07B84B83A8}.Debug|iPhone.Build.0 = Debug|Any CPU
		{F83DB0B6-409A-4202-AFE7-5E07B84B83A8}.Debug|iPhoneSimulator.ActiveCfg = Debug|Any CPU
		{F83DB0B6-409A-4202-AFE7-5E07B84B83A8}.Debug|iPhoneSimulator.Build.0 = Debug|Any CPU
		{F83DB0B6-409A-4202-AFE7-5E07B84B83A8}.Debug|x64.ActiveCfg = Debug|Any CPU
		{F83DB0B6-409A-4202-AFE7-5E07B84B83A8}.Debug|x64.Build.0 = Debug|Any CPU
		{F83DB0B6-409A-4202-AFE7-5E07B84B83A8}.Debug|x86.ActiveCfg = Debug|Any CPU
		{F83DB0B6-409A-4202-AFE7-5E07B84B83A8}.Debug|x86.Build.0 = Debug|Any CPU
		{F83DB0B6-409A-4202-AFE7-5E07B84B83A8}.Release|Any CPU.ActiveCfg = Release|Any CPU
		{F83DB0B6-409A-4202-AFE7-5E07B84B83A8}.Release|Any CPU.Build.0 = Release|Any CPU
		{F83DB0B6-409A-4202-AFE7-5E07B84B83A8}.Release|ARM.ActiveCfg = Release|Any CPU
		{F83DB0B6-409A-4202-AFE7-5E07B84B83A8}.Release|ARM.Build.0 = Release|Any CPU
		{F83DB0B6-409A-4202-AFE7-5E07B84B83A8}.Release|iPhone.ActiveCfg = Release|Any CPU
		{F83DB0B6-409A-4202-AFE7-5E07B84B83A8}.Release|iPhone.Build.0 = Release|Any CPU
		{F83DB0B6-409A-4202-AFE7-5E07B84B83A8}.Release|iPhoneSimulator.ActiveCfg = Release|Any CPU
		{F83DB0B6-409A-4202-AFE7-5E07B84B83A8}.Release|iPhoneSimulator.Build.0 = Release|Any CPU
		{F83DB0B6-409A-4202-AFE7-5E07B84B83A8}.Release|x64.ActiveCfg = Release|Any CPU
		{F83DB0B6-409A-4202-AFE7-5E07B84B83A8}.Release|x64.Build.0 = Release|Any CPU
		{F83DB0B6-409A-4202-AFE7-5E07B84B83A8}.Release|x86.ActiveCfg = Release|Any CPU
		{F83DB0B6-409A-4202-AFE7-5E07B84B83A8}.Release|x86.Build.0 = Release|Any CPU
	EndGlobalSection
	GlobalSection(SolutionProperties) = preSolution
		HideSolutionNode = FALSE
	EndGlobalSection
	GlobalSection(ExtensibilityGlobals) = postSolution
		SolutionGuid = {FDCBC9A9-DE88-485B-84C0-430478287B65}
	EndGlobalSection
EndGlobal
